{
  "version": 2,
  "dependencies": {
    "net10.0-windows10.0.26100": {
      "Microsoft.NET.Test.Sdk": {
        "type": "Direct",
        "requested": "[18.8.1, 18.8.1]",
        "resolved": "18.8.1",
        "contentHash": "dknJL3/9Y3t4XuCBqnc0PevPxgLsUMmVhjwup/b1HNovA8zWcj3XsfIf7c6p05363DWcqL7X/YhDL9B+Zymv1w==",
        "dependencies": {
          "Microsoft.CodeCoverage": "18.8.1",
          "Microsoft.TestPlatform.TestHost": "18.8.1"
        }
      },
      "xunit.v3": {
        "type": "Direct",
        "requested": "[3.2.2, 3.2.2]",
        "resolved": "3.2.2",
        "contentHash": "L+4/4y0Uqcg8/d6hfnxhnwh4j9FaeULvefTwrk30rr1o4n/vdPfyUQ8k0yzH8VJx7bmFEkDdcRfbtbjEHlaYcA==",
        "dependencies": {
          "xunit.v3.mtp-v1": "[3.2.2]"
        }
      },
      "Microsoft.ApplicationInsights": {
        "type": "Transitive",
        "resolved": "2.23.0",
        "contentHash": "nWArUZTdU7iqZLycLKWe0TDms48KKGE6pONH2terYNa8REXiqixrMOkf1sk5DHGMaUTqONU2YkS4SAXBhLStgw=="
      },
      "Microsoft.Bcl.AsyncInterfaces": {
        "type": "Transitive",
        "resolved": "6.0.0",
        "contentHash": "UcSjPsst+DfAdJGVDsu346FX0ci0ah+lw3WRtn18NUwEqRt70HaOQ7lI72vy3+1LxtqI3T5GWwV39rQSrCzAeg=="
      },
      "Microsoft.CodeCoverage": {
        "type": "Transitive",
        "resolved": "18.8.1",
        "contentHash": "Eclse/ZZjr4lmWzZFNN9h/OluhKL+SK/QbUyKUewgX139aGeyMEO/DkMPwuFs2MixvanTnz6891rF8UHDg+W4Q=="
      },
      "Microsoft.Testing.Extensions.Telemetry": {
        "type": "Transitive",
        "resolved": "1.9.1",
        "contentHash": "No5AudZMmSb+uNXjlgL2y3/stHD2IT4uxqc5yHwkE+/nNux9jbKcaJMvcp9SwgP4DVD8L9/P3OUz8mmmcvEIdQ==",
        "dependencies": {
          "Microsoft.ApplicationInsights": "2.23.0",
          "Microsoft.Testing.Platform": "1.9.1"
        }
      },
      "Microsoft.Testing.Extensions.TrxReport.Abstractions": {
        "type": "Transitive",
        "resolved": "1.9.1",
        "contentHash": "AL46Xe1WBi85Ntd4mNPvat5ZSsZ2uejiVqoKCypr8J3wK0elA5xJ3AN4G/Q4GIwzUFnggZoH/DBjnr9J18IO/g==",
        "dependencies": {
          "Microsoft.Testing.Platform": "1.9.1"
        }
      },
      "Microsoft.Testing.Platform": {
        "type": "Transitive",
        "resolved": "1.9.1",
        "contentHash": "QafNtNSmEI0zazdebnsIkDKmFtTSpmx/5PLOjURWwozcPb3tvRxzosQSL8xwYNM1iPhhKiBksXZyRSE2COisrA=="
      },
      "Microsoft.Testing.Platform.MSBuild": {
        "type": "Transitive",
        "resolved": "1.9.1",
        "contentHash": "oTUtyR4X/s9ytuiNA29FGsNCCH0rNmY5Wdm14NCKLjTM1cT9edVSlA+rGS/mVmusPqcP0l/x9qOnMXg16v87RQ==",
        "dependencies": {
          "Microsoft.Testing.Platform": "1.9.1"
        }
      },
      "Microsoft.TestPlatform.ObjectModel": {
        "type": "Transitive",
        "resolved": "18.8.1",
        "contentHash": "qLbktNB1+b1XZLNJBTzaWVVJAd6PEzD7cgD406geMb6PcFZhp3EDNa1tctWx1+mtMU6MP/6ozVvFPC9vs2a9rw=="
      },
      "Microsoft.TestPlatform.TestHost": {
        "type": "Transitive",
        "resolved": "18.8.1",
        "contentHash": "FaQHPDTUOcE+SFTjssNPfrub2lT9Zyon4J2W/KLHt/efLJACb1TCeWXyOgh0D/4Q1e4n+S3E6mOKud+9nLZlEA==",
        "dependencies": {
          "Microsoft.TestPlatform.ObjectModel": "18.8.1"
        }
      },
      "Microsoft.Win32.Registry": {
        "type": "Transitive",
        "resolved": "5.0.0",
        "contentHash": "dDoKi0PnDz31yAyETfRntsLArTlVAVzUzCIvvEDsDsucrl33Dl8pIJG06ePTJTI3tGpeyHS9Cq7Foc/s4EeKcg=="
      },
      "NAudio.Asio": {
        "type": "Transitive",
        "resolved": "2.3.0",
        "contentHash": "I+rAAPT8vmSEw4d4ie+AoSkrvNK6ylRrXznnjQKS+qZgTA9Jnt1Pxe0EaU8nXxOOq5h8ucBSWccBEw6I/J0nkQ==",
        "dependencies": {
          "NAudio.Core": "2.3.0"
        }
      },
      "NAudio.Core": {
        "type": "Transitive",
        "resolved": "2.3.0",
        "contentHash": "jMd7r6dB6tAtXhOYL58ntPqwERNm1/Rhw5MKOIYvsnXzuX+PTGsa2VMam6n0npZYSwlSidKa4GAm4bFcXFUlcg=="
      },
      "NAudio.Midi": {
        "type": "Transitive",
        "resolved": "2.3.0",
        "contentHash": "t8wvPFPHHQOHhoNMCaDE8OiYZoJuxmY4H6UPBtmnf+xx7oQuajFCqlG4Q00ID+tiEyj471WeVb4Nkylr4tDoow==",
        "dependencies": {
          "NAudio.Core": "2.3.0"
        }
      },
      "NAudio.Wasapi": {
        "type": "Transitive",
        "resolved": "2.3.0",
        "contentHash": "y5K2BxrLnvohgu5znzg5wRsai3YcuNXfrpo68i7PmCQqpK5MC/R24e5aO3OyN/XhfRr12e0QYV0OnUWEHi5SzA==",
        "dependencies": {
          "NAudio.Core": "2.3.0"
        }
      },
      "NAudio.WinForms": {
        "type": "Transitive",
        "resolved": "2.3.0",
        "contentHash": "vyKqFUlAZrZ0QPcCM1T+zimjYgC1cNDloHaiOdtV4S1eK4AGu3Dz1EE4yy/WgcneJwQNjGFaELY7b2TsL+g56w==",
        "dependencies": {
          "NAudio.WinMM": "2.3.0"
        }
      },
      "NAudio.WinMM": {
        "type": "Transitive",
        "resolved": "2.3.0",
        "contentHash": "5G1dRjsZm50T3luyuqcmI2BSvj3K4ZJaD/x776/0Epj88qOsOryDZG40+MufwIk1UFJSFWhRobBqtJYFc8Ss4g==",
        "dependencies": {
          "NAudio.Core": "2.3.0"
        }
      },
      "org.k2fsa.sherpa.onnx.runtime.android-arm64": {
        "type": "Transitive",
        "resolved": "1.13.4",
        "contentHash": "Z1CxJ86yz0ZTihW0wdNmMVMtHUeddzH/dzEATTOpqpePM9Mam2aQEuIkwIt23KxgLzrqqSDHnThLp7vR1ve+zQ=="
      },
      "org.k2fsa.sherpa.onnx.runtime.linux-arm64": {
        "type": "Transitive",
        "resolved": "1.13.4",
        "contentHash": "ByuOqzOZumY5kMA+zF2HWLCr9KudwWi6Z1lfkgjx6W+RrglRwqBGm2esc6817VZ2Uk1eBZ4N7LP8rryZ31t8Vg=="
      },
      "org.k2fsa.sherpa.onnx.runtime.linux-x64": {
        "type": "Transitive",
        "resolved": "1.13.4",
        "contentHash": "ow80s8w4jDkq9RpUwhS0S4TEXVgk20ywYtaKEAMbMLFFSmThjwel1hbCXxrzc16zjkMHsVuxYVf/BMGdAB6Lig=="
      },
      "org.k2fsa.sherpa.onnx.runtime.osx-arm64": {
        "type": "Transitive",
        "resolved": "1.13.4",
        "contentHash": "YxDNdmQQj0Wj9IVgVG8iiPaEkJcGuVyk6F2l9+V7Kpj88ElsfqCIwno50CLpiVBAoQJzrpnnn+DlSlOJgffK8g=="
      },
      "org.k2fsa.sherpa.onnx.runtime.osx-x64": {
        "type": "Transitive",
        "resolved": "1.13.4",
        "contentHash": "TXY2HI7zJigU80pxb1ZBByHHqBzOWEouP+NScYnmBP2WIUWQ0fAmizmMYOyko8izqRwozVRrdA5O7ZgAsvLF8w=="
      },
      "org.k2fsa.sherpa.onnx.runtime.win-arm64": {
        "type": "Transitive",
        "resolved": "1.13.4",
        "contentHash": "NE/VCE1I6E4IvifCDv5oa9p5M7JatLAMSg7qdD2yz6W0GeykSF65UKn5o32o4FrUOteXjvJpMHIqGzLOa6SRQA=="
      },
      "org.k2fsa.sherpa.onnx.runtime.win-x86": {
        "type": "Transitive",
        "resolved": "1.13.4",
        "contentHash": "/sl2z1Tvhvated2kS9KWV4GBEv0tgW6F/2t+3HAYJzO0cWNs7onCQHpuc/egxsFQHYo7G8DVWyQWtsfICkDFaQ=="
      },
      "xunit.analyzers": {
        "type": "Transitive",
        "resolved": "1.27.0",
        "contentHash": "y/pxIQaLvk/kxAoDkZW9GnHLCEqzwl5TW0vtX3pweyQpjizB9y3DXhb9pkw2dGeUqhLjsxvvJM1k89JowU6z3g=="
      },
      "xunit.v3.assert": {
        "type": "Transitive",
        "resolved": "3.2.2",
        "contentHash": "BPciBghgEEaJN/JG00QfCYDfEfnLgQhfnYEy+j1izoeHVNYd5+3Wm8GJ6JgYysOhpBPYGE+sbf75JtrRc7jrdA=="
      },
      "xunit.v3.common": {
        "type": "Transitive",
        "resolved": "3.2.2",
        "contentHash": "Hj775PEH6GTbbg0wfKRvG2hNspDCvTH9irXhH4qIWgdrOSV1sQlqPie+DOvFeigsFg2fxSM3ZAaaCDQs+KreFA==",
        "dependencies": {
          "Microsoft.Bcl.AsyncInterfaces": "6.0.0"
        }
      },
      "xunit.v3.core.mtp-v1": {
        "type": "Transitive",
        "resolved": "3.2.2",
        "contentHash": "Ga5aA2Ca9ktz+5k3g5ukzwfexwoqwDUpV6z7atSEUvqtd6JuybU1XopHqg1oFd78QdTfZgZE9h5sHpO4qYIi5w==",
        "dependencies": {
          "Microsoft.Testing.Extensions.Telemetry": "1.9.1",
          "Microsoft.Testing.Extensions.TrxReport.Abstractions": "1.9.1",
          "Microsoft.Testing.Platform": "1.9.1",
          "Microsoft.Testing.Platform.MSBuild": "1.9.1",
          "xunit.v3.extensibility.core": "[3.2.2]",
          "xunit.v3.runner.inproc.console": "[3.2.2]"
        }
      },
      "xunit.v3.extensibility.core": {
        "type": "Transitive",
        "resolved": "3.2.2",
        "contentHash": "srY8z/oMPvh/t8axtO2DwrHajhFMH7tnqKildvYrVQIfICi8fOn3yIBWkVPAcrKmHMwvXRJ/XsQM3VMR6DOYfQ==",
        "dependencies": {
          "xunit.v3.common": "[3.2.2]"
        }
      },
      "xunit.v3.mtp-v1": {
        "type": "Transitive",
        "resolved": "3.2.2",
        "contentHash": "O41aAzYKBT5PWqATa1oEWVNCyEUypFQ4va6K0kz37dduV3EKzXNMaV2UnEhufzU4Cce1I33gg0oldS8tGL5I0A==",
        "dependencies": {
          "xunit.analyzers": "1.27.0",
          "xunit.v3.assert": "[3.2.2]",
          "xunit.v3.core.mtp-v1": "[3.2.2]"
        }
      },
      "xunit.v3.runner.common": {
        "type": "Transitive",
        "resolved": "3.2.2",
        "contentHash": "/hkHkQCzGrugelOAehprm7RIWdsUFVmIVaD6jDH/8DNGCymTlKKPTbGokD5czbAfqfex47mBP0sb0zbHYwrO/g==",
        "dependencies": {
          "Microsoft.Win32.Registry": "[5.0.0]",
          "xunit.v3.common": "[3.2.2]"
        }
      },
      "xunit.v3.runner.inproc.console": {
        "type": "Transitive",
        "resolved": "3.2.2",
        "contentHash": "ulWOdSvCk+bPXijJZ73bth9NyoOHsAs1ZOvamYbCkD4DNLX/Bd29Ve2ZNUwBbK0MqfIYWXHZViy/HKrdEC/izw==",
        "dependencies": {
          "xunit.v3.extensibility.core": "[3.2.2]",
          "xunit.v3.runner.common": "[3.2.2]"
        }
      },
      "sprekr.windows.core": {
        "type": "Project"
      },
      "sprekr.windows.infrastructure": {
        "type": "Project",
        "dependencies": {
          "NAudio": "[2.3.0, 2.3.0]",
          "SharpCompress": "[0.49.1, 0.49.1]",
          "Sprekr.Windows.Core": "[1.0.0, )",
          "org.k2fsa.sherpa.onnx": "[1.13.4, 1.13.4]",
          "org.k2fsa.sherpa.onnx.runtime.win-x64": "[1.13.4, 1.13.4]"
        }
      },
      "NAudio": {
        "type": "CentralTransitive",
        "requested": "[2.3.0, 2.3.0]",
        "resolved": "2.3.0",
        "contentHash": "xN+Lzlu9DmXqBiL6XkP0VZmgTxZPdSGjVSWtKG9HKuar3LhIYNOIYQETieigS+QDS+nrs1QmHbBWWOru0nWA5A==",
        "dependencies": {
          "NAudio.Asio": "2.3.0",
          "NAudio.Core": "2.3.0",
          "NAudio.Midi": "2.3.0",
          "NAudio.Wasapi": "2.3.0",
          "NAudio.WinForms": "2.3.0",
          "NAudio.WinMM": "2.3.0"
        }
      },
      "org.k2fsa.sherpa.onnx": {
        "type": "CentralTransitive",
        "requested": "[1.13.4, 1.13.4]",
        "resolved": "1.13.4",
        "contentHash": "IT+CJrER3K8VWYXZNuJR2ufaiWvzlAiD2njSaLtHCeizFk8UolLZKsuYcY+VWi3f/CO5AXNrNGu7kMmpz+EkGQ==",
        "dependencies": {
          "org.k2fsa.sherpa.onnx.runtime.android-arm64": "1.13.4",
          "org.k2fsa.sherpa.onnx.runtime.linux-arm64": "1.13.4",
          "org.k2fsa.sherpa.onnx.runtime.linux-x64": "1.13.4",
          "org.k2fsa.sherpa.onnx.runtime.osx-arm64": "1.13.4",
          "org.k2fsa.sherpa.onnx.runtime.osx-x64": "1.13.4",
          "org.k2fsa.sherpa.onnx.runtime.win-arm64": "1.13.4",
          "org.k2fsa.sherpa.onnx.runtime.win-x64": "1.13.4",
          "org.k2fsa.sherpa.onnx.runtime.win-x86": "1.13.4"
        }
      },
      "org.k2fsa.sherpa.onnx.runtime.win-x64": {
        "type": "CentralTransitive",
        "requested": "[1.13.4, 1.13.4]",
        "resolved": "1.13.4",
        "contentHash": "HETGez6u+K+h7YF8nE40iXWrEjOIKDASGqlqP8dOJf5THMpEUmRlxgr9Mvlu7bg0TeAUI3gdBDY3Ejhwdl1HNw=="
      },
      "SharpCompress": {
        "type": "CentralTransitive",
        "requested": "[0.49.1, 0.49.1]",
        "resolved": "0.49.1",
        "contentHash": "Meygd8HAnUgqYzxvCsaYR5XnZAG2xBmxkQHVGi/HkCjrvEq+tiM+VPQRvYLxsbse3KUmec65ccdMiOXv8CkjsA=="
      }
    },
    "net10.0-windows10.0.26100/win-x64": {
      "Microsoft.Win32.Registry": {
        "type": "Transitive",
        "resolved": "5.0.0",
        "contentHash": "dDoKi0PnDz31yAyETfRntsLArTlVAVzUzCIvvEDsDsucrl33Dl8pIJG06ePTJTI3tGpeyHS9Cq7Foc/s4EeKcg=="
      },
      "org.k2fsa.sherpa.onnx.runtime.android-arm64": {
        "type": "Transitive",
        "resolved": "1.13.4",
        "contentHash": "Z1CxJ86yz0ZTihW0wdNmMVMtHUeddzH/dzEATTOpqpePM9Mam2aQEuIkwIt23KxgLzrqqSDHnThLp7vR1ve+zQ=="
      },
      "org.k2fsa.sherpa.onnx.runtime.linux-arm64": {
        "type": "Transitive",
        "resolved": "1.13.4",
        "contentHash": "ByuOqzOZumY5kMA+zF2HWLCr9KudwWi6Z1lfkgjx6W+RrglRwqBGm2esc6817VZ2Uk1eBZ4N7LP8rryZ31t8Vg=="
      },
      "org.k2fsa.sherpa.onnx.runtime.linux-x64": {
        "type": "Transitive",
        "resolved": "1.13.4",
        "contentHash": "ow80s8w4jDkq9RpUwhS0S4TEXVgk20ywYtaKEAMbMLFFSmThjwel1hbCXxrzc16zjkMHsVuxYVf/BMGdAB6Lig=="
      },
      "org.k2fsa.sherpa.onnx.runtime.osx-arm64": {
        "type": "Transitive",
        "resolved": "1.13.4",
        "contentHash": "YxDNdmQQj0Wj9IVgVG8iiPaEkJcGuVyk6F2l9+V7Kpj88ElsfqCIwno50CLpiVBAoQJzrpnnn+DlSlOJgffK8g=="
      },
      "org.k2fsa.sherpa.onnx.runtime.osx-x64": {
        "type": "Transitive",
        "resolved": "1.13.4",
        "contentHash": "TXY2HI7zJigU80pxb1ZBByHHqBzOWEouP+NScYnmBP2WIUWQ0fAmizmMYOyko8izqRwozVRrdA5O7ZgAsvLF8w=="
      },
      "org.k2fsa.sherpa.onnx.runtime.win-arm64": {
        "type": "Transitive",
        "resolved": "1.13.4",
        "contentHash": "NE/VCE1I6E4IvifCDv5oa9p5M7JatLAMSg7qdD2yz6W0GeykSF65UKn5o32o4FrUOteXjvJpMHIqGzLOa6SRQA=="
      },
      "org.k2fsa.sherpa.onnx.runtime.win-x86": {
        "type": "Transitive",
        "resolved": "1.13.4",
        "contentHash": "/sl2z1Tvhvated2kS9KWV4GBEv0tgW6F/2t+3HAYJzO0cWNs7onCQHpuc/egxsFQHYo7G8DVWyQWtsfICkDFaQ=="
      },
      "org.k2fsa.sherpa.onnx.runtime.win-x64": {
        "type": "CentralTransitive",
        "requested": "[1.13.4, 1.13.4]",
        "resolved": "1.13.4",
        "contentHash": "HETGez6u+K+h7YF8nE40iXWrEjOIKDASGqlqP8dOJf5THMpEUmRlxgr9Mvlu7bg0TeAUI3gdBDY3Ejhwdl1HNw=="
      }
    }
  }
}